
Microsoft Visual Studio Solution File, Format Version 12.00
# Visual Studio Version 17
VisualStudioVersion = 17.4.33213.308
MinimumVisualStudioVersion = 10.0.40219.1
Project("{9A19103F-16F7-4668-BE54-9A1E7A4F7556}") = "DockerMakerMaui", "DockerMakerMaui\DockerMakerMaui.csproj", "{49D74CC7-7C5C-4AA5-8BDE-FAAEBBF42FE6}"
EndProject
Project("{FAE04EC0-301F-11D3-BF4B-00C04F79EFBC}") = "DockerMakerLogic", "DockerMakerLogic\DockerMakerLogic.csproj", "{184F8144-82FC-4996-87A0-20E97192DA5C}"
EndProject
Global
	GlobalSection(SolutionConfigurationPlatforms) = preSolution
		Debug|Any CPU = Debug|Any CPU
		Release|Any CPU = Release|Any CPU
	EndGlobalSection
	GlobalSection(ProjectConfigurationPlatforms) = postSolution
		{49D74CC7-7C5C-4AA5-8BDE-FAAEBBF42FE6}.Debug|Any CPU.ActiveCfg = Debug|Any CPU
		{49D74CC7-7C5C-4AA5-8BDE-FAAEBBF42FE6}.Debug|Any CPU.Build.0 = Debug|Any CPU
		{49D74CC7-7C5C-4AA5-8BDE-FAAEBBF42FE6}.Debug|Any CPU.Deploy.0 = Debug|Any CPU
		{49D74CC7-7C5C-4AA5-8BDE-FAAEBBF42FE6}.Release|Any CPU.ActiveCfg = Release|Any CPU
		{49D74CC7-7C5C-4AA5-8BDE-FAAEBBF42FE6}.Release|Any CPU.Build.0 = Release|Any CPU
		{49D74CC7-7C5C-4AA5-8BDE-FAAEBBF42FE6}.Release|Any CPU.Deploy.0 = Release|Any CPU
		{184F8144-82FC-4996-87A0-20E97192DA5C}.Debug|Any CPU.ActiveCfg = Debug|Any CPU
		{184F8144-82FC-4996-87A0-20E97192DA5C}.Debug|Any CPU.Build.0 = Debug|Any CPU
		{184F8144-82FC-4996-87A0-20E97192DA5C}.Release|Any CPU.ActiveCfg = Release|Any CPU
		{184F8144-82FC-4996-87A0-20E97192DA5C}.Release|Any CPU.Build.0 = Release|Any CPU
	EndGlobalSection
	GlobalSection(SolutionProperties) = preSolution
		HideSolutionNode = FALSE
	EndGlobalSection
	GlobalSection(ExtensibilityGlobals) = postSolution
		SolutionGuid = {DF7EAE9B-DCDE-4D31-80A9-659F0481BEB3}
	EndGlobalSection
EndGlobal
